PODS:
  - BXModel (0.2.2):
    - SwiftyJSON
  - SwiftyJSON (2.3.2)

DEPENDENCIES:
  - BXModel (from `../`)

EXTERNAL SOURCES:
  BXModel:
    :path: ../

SPEC CHECKSUMS:
  BXModel: 29bdecd20b73a860c0eb8bde6cbdf2298e83c981
  SwiftyJSON: 04ccea08915aa0109039157c7974cf0298da292a

PODFILE CHECKSUM: 7992bc8480be32e06aee0f8107e286805c99d292

COCOAPODS: 1.0.0.beta.4
